// !$*UTF8*$!
{
	archiveVersion = 1;
	classes = {
	};
	objectVersion = 51;
	objects = {

/* Begin PBXBuildFile section */
		03F9DF9A190E9311F4D18FE1 /* SearchViewController.swift in Sources */ = {isa = PBXBuildFile; fileRef = 36528C8D83BCEE9371F8800C /* SearchViewController.swift */; };
		09450C2394446983201726A5 /* SignInNode.swift in Sources */ = {isa = PBXBuildFile; fileRef = FE295B30E21F88B5CAE05FF7 /* SignInNode.swift */; };
		103B90A22D30241F7998F761 /* RepositoryApp.xcdatamodeld in Sources */ = {isa = PBXBuildFile; fileRef = DDC9113F87445D34EF7F77B6 /* RepositoryApp.xcdatamodeld */; };
		14D52FD9E57DE53E42394726 /* SearchRecentRepositoryListSectionController.swift in Sources */ = {isa = PBXBuildFile; fileRef = 15D0D151A0D1CB37C563AB8F /* SearchRecentRepositoryListSectionController.swift */; };
		15C6AEB75F737ECDEFB7E377 /* NSManagedRepository.swift in Sources */ = {isa = PBXBuildFile; fileRef = 2FCDEB14797838E94AB84BD8 /* NSManagedRepository.swift */; };
		1A80650A6D097DEFE54ABF38 /* AppDependency.swift in Sources */ = {isa = PBXBuildFile; fileRef = 9EA9F6ED4C0EEB966CD45314 /* AppDependency.swift */; };
		1AE8C51BD38F22BBED86E648 /* AuthenticationManagerImpl.swift in Sources */ = {isa = PBXBuildFile; fileRef = 9191E7D66E92007CFBDAB2D3 /* AuthenticationManagerImpl.swift */; };
		1D49CBA575ADDFA94F72DA0C /* Storable.swift in Sources */ = {isa = PBXBuildFile; fileRef = 01722FE4B0585EFB17C97FFE /* Storable.swift */; };
		2009A064E6D1914BE210692D /* SearchFoundRepositoryListSectionController.swift in Sources */ = {isa = PBXBuildFile; fileRef = 14D331F76054BB28A7CDBE03 /* SearchFoundRepositoryListSectionController.swift */; };
		2137C8589FA6BD472A7FE7C0 /* CredentialsManager.swift in Sources */ = {isa = PBXBuildFile; fileRef = F92DC935437FDAF23B8DE1B1 /* CredentialsManager.swift */; };
		2332AD630BAB96D82859DAC9 /* RepositoryTextDiffable.swift in Sources */ = {isa = PBXBuildFile; fileRef = 470378CA5A335ABB695927C1 /* RepositoryTextDiffable.swift */; };
		2363E15703E7D4BB22DDC01F /* RepositoryTextListSectionController.swift in Sources */ = {isa = PBXBuildFile; fileRef = DA169EF127A53C0B37D13E16 /* RepositoryTextListSectionController.swift */; };
		238BC99D9E93127F0D569723 /* APIConfiguration.swift in Sources */ = {isa = PBXBuildFile; fileRef = 16C2C456429250069E610B63 /* APIConfiguration.swift */; };
		30AB8FD8C76687B253C99342 /* ASListSectionController.swift in Sources */ = {isa = PBXBuildFile; fileRef = FE4BE193807C22016D96CE12 /* ASListSectionController.swift */; };
		3265D5A5D9832F4E784EA192 /* SearchFoundRepositoryDiffable.swift in Sources */ = {isa = PBXBuildFile; fileRef = 18BA3E4AE137D30E464AD46B /* SearchFoundRepositoryDiffable.swift */; };
		32E7A676AF0C49E35191997E /* APIRequestBuilder.swift in Sources */ = {isa = PBXBuildFile; fileRef = 7416B5D92C5172CDC304BE80 /* APIRequestBuilder.swift */; };
		42AD6F5FBF2E00A27CDDB49B /* SearchRecentRepositoryDiffable.swift in Sources */ = {isa = PBXBuildFile; fileRef = 08BA748C34681AF4F0983BF7 /* SearchRecentRepositoryDiffable.swift */; };
		440769BED4F69E5B43D2EB89 /* RepositoryFieldDiffable.swift in Sources */ = {isa = PBXBuildFile; fileRef = CC919A6B866134BB342CDA36 /* RepositoryFieldDiffable.swift */; };
		44F959339AAA6F68FF033080 /* RepositoryFieldCell.swift in Sources */ = {isa = PBXBuildFile; fileRef = 98D07FBF1DC304E1AAED31D4 /* RepositoryFieldCell.swift */; };
		4AAA52BB983A770A3BCD75EA /* Pods_App.framework in Frameworks */ = {isa = PBXBuildFile; fileRef = 663FD8C9833D62D118B8078F /* Pods_App.framework */; };
		4B5E23F9BEE3474DA654C708 /* SearchResponse.swift in Sources */ = {isa = PBXBuildFile; fileRef = B15C60C5145966627B0E8BCE /* SearchResponse.swift */; };
		597E3C0D62F5834F93B6426F /* APIResponseMapperImpl.swift in Sources */ = {isa = PBXBuildFile; fileRef = F351425588DA3B303C39169B /* APIResponseMapperImpl.swift */; };
		59BAAFA9614607580A44C6E7 /* SearchServiceImpl.swift in Sources */ = {isa = PBXBuildFile; fileRef = 0EED6907D25E35D92A65AEB1 /* SearchServiceImpl.swift */; };
		5A4B64165CE9005CF1AF9605 /* APIConfigurationProvider.swift in Sources */ = {isa = PBXBuildFile; fileRef = 45CA47A5D9CAB9CDC3C556B3 /* APIConfigurationProvider.swift */; };
		5E618081030584F5088F3012 /* SearchSignInOrSignOutListSectionController.swift in Sources */ = {isa = PBXBuildFile; fileRef = 0B84E0604A2F0EFE915C558E /* SearchSignInOrSignOutListSectionController.swift */; };
		5FCE72D47D2A9A1E1A324878 /* SwiftDI in Frameworks */ = {isa = PBXBuildFile; productRef = 2AD3DFDC1C0237A91F6AA312 /* SwiftDI */; };
		64D5CF3998BAE9CB68CA3C6B /* RepositoryPresenter.swift in Sources */ = {isa = PBXBuildFile; fileRef = 0A393B9004687144E7958C4D /* RepositoryPresenter.swift */; };
		66FE1B0C9F0AC124F1995691 /* RepositoryDependency.swift in Sources */ = {isa = PBXBuildFile; fileRef = 0D268829CA8DCE5562070CFC /* RepositoryDependency.swift */; };
		6DE2EC4271C41688BF712073 /* StorageError.swift in Sources */ = {isa = PBXBuildFile; fileRef = 9FC20EEA728B0A686B87B3E8 /* StorageError.swift */; };
		7924B51CAB839CEE4FDCE911 /* AuthenticationDependency.swift in Sources */ = {isa = PBXBuildFile; fileRef = 287BC6232C41CE6026E08AC5 /* AuthenticationDependency.swift */; };
		7A4E521F4AA19F6E2F7DB89C /* SignInViewController.swift in Sources */ = {isa = PBXBuildFile; fileRef = 64CDEDDCF51B3063A2CB30EB /* SignInViewController.swift */; };
		7C079DFB89297EE642D61354 /* RepositoryServiceImpl.swift in Sources */ = {isa = PBXBuildFile; fileRef = A7100523A6606BACED13B830 /* RepositoryServiceImpl.swift */; };
		801A7C427D8A03C272343705 /* RepositoryViewController.swift in Sources */ = {isa = PBXBuildFile; fileRef = 8B685E0AB4FBE983E1847DE6 /* RepositoryViewController.swift */; };
		856338CD898C78454ADE368E /* APIResponseMapper.swift in Sources */ = {isa = PBXBuildFile; fileRef = 67ECF3E8B8D45CE1644924FA /* APIResponseMapper.swift */; };
		874BE13185AB62E3690ED310 /* SearchService.swift in Sources */ = {isa = PBXBuildFile; fileRef = 8DE1BFFF3BB197C67841D888 /* SearchService.swift */; };
		89BCC1B16D2CBCEB6F746C06 /* APIRequestBuilderImpl.swift in Sources */ = {isa = PBXBuildFile; fileRef = 363B30F442CFD5B08D9E38F7 /* APIRequestBuilderImpl.swift */; };
		9096DDD47CC9042104C1B56B /* AuthenticationCoordinator.swift in Sources */ = {isa = PBXBuildFile; fileRef = 307C93B6AB214D3CFA78D845 /* AuthenticationCoordinator.swift */; };
		97A52E90ABCBD30102257051 /* SearchFoundRepositoryCell.swift in Sources */ = {isa = PBXBuildFile; fileRef = 7A3DEFB236BA3978065D02B8 /* SearchFoundRepositoryCell.swift */; };
		981D42291C486643821A1C0B /* SearchSignInOrSignOutDiffable.swift in Sources */ = {isa = PBXBuildFile; fileRef = EBC3AACD9F167DD7825E99B0 /* SearchSignInOrSignOutDiffable.swift */; };
		9892522A16EAB09BFFB22028 /* StorageManager.swift in Sources */ = {isa = PBXBuildFile; fileRef = B7CBF18177177CC0A38220AE /* StorageManager.swift */; };
		9D931A34FBE6452D1B3A4598 /* NSManagedUser.swift in Sources */ = {isa = PBXBuildFile; fileRef = C5CFD37324D940A0F8517ADD /* NSManagedUser.swift */; };
		A2D535B77EF3269F853E855F /* AppDelegate.swift in Sources */ = {isa = PBXBuildFile; fileRef = B72467E04CF6401799C3EC1F /* AppDelegate.swift */; };
		A3E1BC8DF8D7A4F3C3F75D39 /* User.swift in Sources */ = {isa = PBXBuildFile; fileRef = A9CF072FA93927899C3D9453 /* User.swift */; };
		A84F952C2FB412B9988D9CCE /* APIRequest.swift in Sources */ = {isa = PBXBuildFile; fileRef = 7308899834EDE794B40D3C5B /* APIRequest.swift */; };
		AD0DB05EF0BAF28E046EFC44 /* SingInDependency.swift in Sources */ = {isa = PBXBuildFile; fileRef = C7334677295320BDFBE411ED /* SingInDependency.swift */; };
		AD740FEE937AEF86CAC5E4CD /* SearchPresenter.swift in Sources */ = {isa = PBXBuildFile; fileRef = BFD979E94AD39A58807925DF /* SearchPresenter.swift */; };
		BF857479AEF0300E0482080F /* CredentialsError.swift in Sources */ = {isa = PBXBuildFile; fileRef = CBFA2868822A005F36EE3562 /* CredentialsError.swift */; };
		C592933444A447A0207B0B6B /* RepositoryService.swift in Sources */ = {isa = PBXBuildFile; fileRef = 3B23E888C9B853A38346119E /* RepositoryService.swift */; };
		C94725BF2B232B0FE1E42B96 /* RepositoryTextCell.swift in Sources */ = {isa = PBXBuildFile; fileRef = C8DEE967C2F352EFCF5DF115 /* RepositoryTextCell.swift */; };
		CAF7E71E257D95E31EFBB5B4 /* RootDependency.swift in Sources */ = {isa = PBXBuildFile; fileRef = 5F39AD675B231AA0706A94A5 /* RootDependency.swift */; };
		CDA3E0474F900DD1BCDF05C5 /* RepositoryMarkdownDiffable.swift in Sources */ = {isa = PBXBuildFile; fileRef = 32D824E272E5D11BEA3A0F10 /* RepositoryMarkdownDiffable.swift */; };
		CDC275C89F79196386A0BA11 /* SearchSignInOrSignOutCell.swift in Sources */ = {isa = PBXBuildFile; fileRef = A6590D3AD72167C5C27D792F /* SearchSignInOrSignOutCell.swift */; };
		CE5E9133E36C698907696735 /* StorageManagerImpl.swift in Sources */ = {isa = PBXBuildFile; fileRef = 2D09D47F15443B0AE884B18C /* StorageManagerImpl.swift */; };
		D8D6EC88D279396634858F5D /* RepositoryMarkdownCell.swift in Sources */ = {isa = PBXBuildFile; fileRef = 00C5948CA4817CBE143747AB /* RepositoryMarkdownCell.swift */; };
		DB5474DEF7B560DEA7212B4C /* Markdownosaur in Frameworks */ = {isa = PBXBuildFile; productRef = 289E368D79E154F56464AA35 /* Markdownosaur */; };
		DD57535BB20711456D6311AD /* URLComponents+Init.swift in Sources */ = {isa = PBXBuildFile; fileRef = E3349BC6202CC6FF88E65704 /* URLComponents+Init.swift */; };
		DE74D4E374C789C3E9D6C28F /* HTTPClientImpl.swift in Sources */ = {isa = PBXBuildFile; fileRef = 5B6920176F69D847C9CF54E1 /* HTTPClientImpl.swift */; };
		DF5C9D4313D65B238C282D19 /* MainDependency.swift in Sources */ = {isa = PBXBuildFile; fileRef = 7491A21BB386AAE16162E007 /* MainDependency.swift */; };
		DFAD5A219BB9DFF1A5A59E34 /* MainCoordinator.swift in Sources */ = {isa = PBXBuildFile; fileRef = C43994F4A950F54445BE0695 /* MainCoordinator.swift */; };
		E0C86B55C35489EB513CC932 /* Credentials.swift in Sources */ = {isa = PBXBuildFile; fileRef = 7831E767FF6DB603BE7E9E19 /* Credentials.swift */; };
		E1866F1B657E6F88AC5DD66A /* SearchRecentRepositoryCell.swift in Sources */ = {isa = PBXBuildFile; fileRef = 29620F3B31AEB742D30C4F16 /* SearchRecentRepositoryCell.swift */; };
		E2B6274D92BE0D4621EB0CE3 /* RepositoryMarkdownListSectionController.swift in Sources */ = {isa = PBXBuildFile; fileRef = BE99BF19F33879A8D0CE15EC /* RepositoryMarkdownListSectionController.swift */; };
		E605224F2D56D266CF92C2BE /* SearchDependency.swift in Sources */ = {isa = PBXBuildFile; fileRef = 6356136BE32FF8FA269560F7 /* SearchDependency.swift */; };
		E643CACDCA50C600F59B2C23 /* AppCoordinator.swift in Sources */ = {isa = PBXBuildFile; fileRef = CF6CFB6D4F2C4EBC3E5DABCB /* AppCoordinator.swift */; };
		E7BAAECA9AAB65A80329F54B /* APIError.swift in Sources */ = {isa = PBXBuildFile; fileRef = A62474C3451F0DE308801016 /* APIError.swift */; };
		EAB64C66CCA7C11B3A97DF3E /* Repository.swift in Sources */ = {isa = PBXBuildFile; fileRef = 95739A4D2E861DB6CA82C899 /* Repository.swift */; };
		ED03B134CF2752E395A5DE11 /* APIManager.swift in Sources */ = {isa = PBXBuildFile; fileRef = 3167170CA7151F5423413841 /* APIManager.swift */; };
		F18F3720D89E32F010747F58 /* AuthenticationManager.swift in Sources */ = {isa = PBXBuildFile; fileRef = D9D3771BEFC975F793FD0B88 /* AuthenticationManager.swift */; };
		F5C194A5C8E14547B1FE24A2 /* CredentialsManagerImpl.swift in Sources */ = {isa = PBXBuildFile; fileRef = AF4DD3268381FC169FEB564F /* CredentialsManagerImpl.swift */; };
		F6E9B71EBAE24A4FF756445B /* SignInPresenter.swift in Sources */ = {isa = PBXBuildFile; fileRef = FA6DED7EE0AA638C33B479B7 /* SignInPresenter.swift */; };
		F9446CE8A7ED82449E041B41 /* APIManagerImpl.swift in Sources */ = {isa = PBXBuildFile; fileRef = 0616E29F0E7900B313F74EEB /* APIManagerImpl.swift */; };
		FC31A97B9F6D9BD375842B80 /* APIConfigurationProviderImpl.swift in Sources */ = {isa = PBXBuildFile; fileRef = A16AAA91312B8B21401238A8 /* APIConfigurationProviderImpl.swift */; };
		FE80EE98598722C7F5FE6EDC /* HTTPClient.swift in Sources */ = {isa = PBXBuildFile; fileRef = 32C362E1F932C008B0FC8BAD /* HTTPClient.swift */; };
		FF16134D82DDF6B2EBCB26DE /* RepositoryFieldListSectionController.swift in Sources */ = {isa = PBXBuildFile; fileRef = 2752C0CEB3A7C01231536405 /* RepositoryFieldListSectionController.swift */; };
/* End PBXBuildFile section */

/* Begin PBXFileReference section */
		00C5948CA4817CBE143747AB /* RepositoryMarkdownCell.swift */ = {isa = PBXFileReference; lastKnownFileType = sourcecode.swift; path = RepositoryMarkdownCell.swift; sourceTree = "<group>"; };
		01722FE4B0585EFB17C97FFE /* Storable.swift */ = {isa = PBXFileReference; lastKnownFileType = sourcecode.swift; path = Storable.swift; sourceTree = "<group>"; };
		0616E29F0E7900B313F74EEB /* APIManagerImpl.swift */ = {isa = PBXFileReference; lastKnownFileType = sourcecode.swift; path = APIManagerImpl.swift; sourceTree = "<group>"; };
		08BA748C34681AF4F0983BF7 /* SearchRecentRepositoryDiffable.swift */ = {isa = PBXFileReference; lastKnownFileType = sourcecode.swift; path = SearchRecentRepositoryDiffable.swift; sourceTree = "<group>"; };
		09351D0A17DBB44F80B73B35 /* Pods-App.debug.xcconfig */ = {isa = PBXFileReference; includeInIndex = 1; lastKnownFileType = text.xcconfig; name = "Pods-App.debug.xcconfig"; path = "Target Support Files/Pods-App/Pods-App.debug.xcconfig"; sourceTree = "<group>"; };
		0A393B9004687144E7958C4D /* RepositoryPresenter.swift */ = {isa = PBXFileReference; lastKnownFileType = sourcecode.swift; path = RepositoryPresenter.swift; sourceTree = "<group>"; };
		0B84E0604A2F0EFE915C558E /* SearchSignInOrSignOutListSectionController.swift */ = {isa = PBXFileReference; lastKnownFileType = sourcecode.swift; path = SearchSignInOrSignOutListSectionController.swift; sourceTree = "<group>"; };
		0D268829CA8DCE5562070CFC /* RepositoryDependency.swift */ = {isa = PBXFileReference; lastKnownFileType = sourcecode.swift; path = RepositoryDependency.swift; sourceTree = "<group>"; };
		0EED6907D25E35D92A65AEB1 /* SearchServiceImpl.swift */ = {isa = PBXFileReference; lastKnownFileType = sourcecode.swift; path = SearchServiceImpl.swift; sourceTree = "<group>"; };
		14D331F76054BB28A7CDBE03 /* SearchFoundRepositoryListSectionController.swift */ = {isa = PBXFileReference; lastKnownFileType = sourcecode.swift; path = SearchFoundRepositoryListSectionController.swift; sourceTree = "<group>"; };
		15D0D151A0D1CB37C563AB8F /* SearchRecentRepositoryListSectionController.swift */ = {isa = PBXFileReference; lastKnownFileType = sourcecode.swift; path = SearchRecentRepositoryListSectionController.swift; sourceTree = "<group>"; };
		16C2C456429250069E610B63 /* APIConfiguration.swift */ = {isa = PBXFileReference; lastKnownFileType = sourcecode.swift; path = APIConfiguration.swift; sourceTree = "<group>"; };
		18BA3E4AE137D30E464AD46B /* SearchFoundRepositoryDiffable.swift */ = {isa = PBXFileReference; lastKnownFileType = sourcecode.swift; path = SearchFoundRepositoryDiffable.swift; sourceTree = "<group>"; };
		19893F27C606AEC611718D94 /* RepositoryApp.xcdatamodel */ = {isa = PBXFileReference; lastKnownFileType = wrapper.xcdatamodel; path = RepositoryApp.xcdatamodel; sourceTree = "<group>"; };
		2752C0CEB3A7C01231536405 /* RepositoryFieldListSectionController.swift */ = {isa = PBXFileReference; lastKnownFileType = sourcecode.swift; path = RepositoryFieldListSectionController.swift; sourceTree = "<group>"; };
		287BC6232C41CE6026E08AC5 /* AuthenticationDependency.swift */ = {isa = PBXFileReference; lastKnownFileType = sourcecode.swift; path = AuthenticationDependency.swift; sourceTree = "<group>"; };
		29620F3B31AEB742D30C4F16 /* SearchRecentRepositoryCell.swift */ = {isa = PBXFileReference; lastKnownFileType = sourcecode.swift; path = SearchRecentRepositoryCell.swift; sourceTree = "<group>"; };
		2D09D47F15443B0AE884B18C /* StorageManagerImpl.swift */ = {isa = PBXFileReference; lastKnownFileType = sourcecode.swift; path = StorageManagerImpl.swift; sourceTree = "<group>"; };
		2FCDEB14797838E94AB84BD8 /* NSManagedRepository.swift */ = {isa = PBXFileReference; lastKnownFileType = sourcecode.swift; path = NSManagedRepository.swift; sourceTree = "<group>"; };
		307C93B6AB214D3CFA78D845 /* AuthenticationCoordinator.swift */ = {isa = PBXFileReference; lastKnownFileType = sourcecode.swift; path = AuthenticationCoordinator.swift; sourceTree = "<group>"; };
		3167170CA7151F5423413841 /* APIManager.swift */ = {isa = PBXFileReference; lastKnownFileType = sourcecode.swift; path = APIManager.swift; sourceTree = "<group>"; };
		32C362E1F932C008B0FC8BAD /* HTTPClient.swift */ = {isa = PBXFileReference; lastKnownFileType = sourcecode.swift; path = HTTPClient.swift; sourceTree = "<group>"; };
		32D824E272E5D11BEA3A0F10 /* RepositoryMarkdownDiffable.swift */ = {isa = PBXFileReference; lastKnownFileType = sourcecode.swift; path = RepositoryMarkdownDiffable.swift; sourceTree = "<group>"; };
		363B30F442CFD5B08D9E38F7 /* APIRequestBuilderImpl.swift */ = {isa = PBXFileReference; lastKnownFileType = sourcecode.swift; path = APIRequestBuilderImpl.swift; sourceTree = "<group>"; };
		36528C8D83BCEE9371F8800C /* SearchViewController.swift */ = {isa = PBXFileReference; lastKnownFileType = sourcecode.swift; path = SearchViewController.swift; sourceTree = "<group>"; };
		3B23E888C9B853A38346119E /* RepositoryService.swift */ = {isa = PBXFileReference; lastKnownFileType = sourcecode.swift; path = RepositoryService.swift; sourceTree = "<group>"; };
		45CA47A5D9CAB9CDC3C556B3 /* APIConfigurationProvider.swift */ = {isa = PBXFileReference; lastKnownFileType = sourcecode.swift; path = APIConfigurationProvider.swift; sourceTree = "<group>"; };
		470378CA5A335ABB695927C1 /* RepositoryTextDiffable.swift */ = {isa = PBXFileReference; lastKnownFileType = sourcecode.swift; path = RepositoryTextDiffable.swift; sourceTree = "<group>"; };
		5B6920176F69D847C9CF54E1 /* HTTPClientImpl.swift */ = {isa = PBXFileReference; lastKnownFileType = sourcecode.swift; path = HTTPClientImpl.swift; sourceTree = "<group>"; };
		5F39AD675B231AA0706A94A5 /* RootDependency.swift */ = {isa = PBXFileReference; lastKnownFileType = sourcecode.swift; path = RootDependency.swift; sourceTree = "<group>"; };
		6356136BE32FF8FA269560F7 /* SearchDependency.swift */ = {isa = PBXFileReference; lastKnownFileType = sourcecode.swift; path = SearchDependency.swift; sourceTree = "<group>"; };
		64CDEDDCF51B3063A2CB30EB /* SignInViewController.swift */ = {isa = PBXFileReference; lastKnownFileType = sourcecode.swift; path = SignInViewController.swift; sourceTree = "<group>"; };
		663FD8C9833D62D118B8078F /* Pods_App.framework */ = {isa = PBXFileReference; explicitFileType = wrapper.framework; includeInIndex = 0; path = Pods_App.framework; sourceTree = BUILT_PRODUCTS_DIR; };
		67ECF3E8B8D45CE1644924FA /* APIResponseMapper.swift */ = {isa = PBXFileReference; lastKnownFileType = sourcecode.swift; path = APIResponseMapper.swift; sourceTree = "<group>"; };
		7308899834EDE794B40D3C5B /* APIRequest.swift */ = {isa = PBXFileReference; lastKnownFileType = sourcecode.swift; path = APIRequest.swift; sourceTree = "<group>"; };
		7416B5D92C5172CDC304BE80 /* APIRequestBuilder.swift */ = {isa = PBXFileReference; lastKnownFileType = sourcecode.swift; path = APIRequestBuilder.swift; sourceTree = "<group>"; };
		7491A21BB386AAE16162E007 /* MainDependency.swift */ = {isa = PBXFileReference; lastKnownFileType = sourcecode.swift; path = MainDependency.swift; sourceTree = "<group>"; };
		7831E767FF6DB603BE7E9E19 /* Credentials.swift */ = {isa = PBXFileReference; lastKnownFileType = sourcecode.swift; path = Credentials.swift; sourceTree = "<group>"; };
		7A3DEFB236BA3978065D02B8 /* SearchFoundRepositoryCell.swift */ = {isa = PBXFileReference; lastKnownFileType = sourcecode.swift; path = SearchFoundRepositoryCell.swift; sourceTree = "<group>"; };
		8B685E0AB4FBE983E1847DE6 /* RepositoryViewController.swift */ = {isa = PBXFileReference; lastKnownFileType = sourcecode.swift; path = RepositoryViewController.swift; sourceTree = "<group>"; };
		8DE1BFFF3BB197C67841D888 /* SearchService.swift */ = {isa = PBXFileReference; lastKnownFileType = sourcecode.swift; path = SearchService.swift; sourceTree = "<group>"; };
		9191E7D66E92007CFBDAB2D3 /* AuthenticationManagerImpl.swift */ = {isa = PBXFileReference; lastKnownFileType = sourcecode.swift; path = AuthenticationManagerImpl.swift; sourceTree = "<group>"; };
		95739A4D2E861DB6CA82C899 /* Repository.swift */ = {isa = PBXFileReference; lastKnownFileType = sourcecode.swift; path = Repository.swift; sourceTree = "<group>"; };
		98D07FBF1DC304E1AAED31D4 /* RepositoryFieldCell.swift */ = {isa = PBXFileReference; lastKnownFileType = sourcecode.swift; path = RepositoryFieldCell.swift; sourceTree = "<group>"; };
		9EA9F6ED4C0EEB966CD45314 /* AppDependency.swift */ = {isa = PBXFileReference; lastKnownFileType = sourcecode.swift; path = AppDependency.swift; sourceTree = "<group>"; };
		9FC20EEA728B0A686B87B3E8 /* StorageError.swift */ = {isa = PBXFileReference; lastKnownFileType = sourcecode.swift; path = StorageError.swift; sourceTree = "<group>"; };
		A16AAA91312B8B21401238A8 /* APIConfigurationProviderImpl.swift */ = {isa = PBXFileReference; lastKnownFileType = sourcecode.swift; path = APIConfigurationProviderImpl.swift; sourceTree = "<group>"; };
		A62474C3451F0DE308801016 /* APIError.swift */ = {isa = PBXFileReference; lastKnownFileType = sourcecode.swift; path = APIError.swift; sourceTree = "<group>"; };
		A6590D3AD72167C5C27D792F /* SearchSignInOrSignOutCell.swift */ = {isa = PBXFileReference; lastKnownFileType = sourcecode.swift; path = SearchSignInOrSignOutCell.swift; sourceTree = "<group>"; };
		A7100523A6606BACED13B830 /* RepositoryServiceImpl.swift */ = {isa = PBXFileReference; lastKnownFileType = sourcecode.swift; path = RepositoryServiceImpl.swift; sourceTree = "<group>"; };
		A9CF072FA93927899C3D9453 /* User.swift */ = {isa = PBXFileReference; lastKnownFileType = sourcecode.swift; path = User.swift; sourceTree = "<group>"; };
		AF4DD3268381FC169FEB564F /* CredentialsManagerImpl.swift */ = {isa = PBXFileReference; lastKnownFileType = sourcecode.swift; path = CredentialsManagerImpl.swift; sourceTree = "<group>"; };
		AFA92D1200F0352496CF9E54 /* Info.plist */ = {isa = PBXFileReference; lastKnownFileType = text.plist; path = Info.plist; sourceTree = "<group>"; };
		B15C60C5145966627B0E8BCE /* SearchResponse.swift */ = {isa = PBXFileReference; lastKnownFileType = sourcecode.swift; path = SearchResponse.swift; sourceTree = "<group>"; };
		B72467E04CF6401799C3EC1F /* AppDelegate.swift */ = {isa = PBXFileReference; lastKnownFileType = sourcecode.swift; path = AppDelegate.swift; sourceTree = "<group>"; };
		B7CBF18177177CC0A38220AE /* StorageManager.swift */ = {isa = PBXFileReference; lastKnownFileType = sourcecode.swift; path = StorageManager.swift; sourceTree = "<group>"; };
		BE99BF19F33879A8D0CE15EC /* RepositoryMarkdownListSectionController.swift */ = {isa = PBXFileReference; lastKnownFileType = sourcecode.swift; path = RepositoryMarkdownListSectionController.swift; sourceTree = "<group>"; };
		BFD979E94AD39A58807925DF /* SearchPresenter.swift */ = {isa = PBXFileReference; lastKnownFileType = sourcecode.swift; path = SearchPresenter.swift; sourceTree = "<group>"; };
		C43994F4A950F54445BE0695 /* MainCoordinator.swift */ = {isa = PBXFileReference; lastKnownFileType = sourcecode.swift; path = MainCoordinator.swift; sourceTree = "<group>"; };
		C5CFD37324D940A0F8517ADD /* NSManagedUser.swift */ = {isa = PBXFileReference; lastKnownFileType = sourcecode.swift; path = NSManagedUser.swift; sourceTree = "<group>"; };
		C7334677295320BDFBE411ED /* SingInDependency.swift */ = {isa = PBXFileReference; lastKnownFileType = sourcecode.swift; path = SingInDependency.swift; sourceTree = "<group>"; };
		C8DEE967C2F352EFCF5DF115 /* RepositoryTextCell.swift */ = {isa = PBXFileReference; lastKnownFileType = sourcecode.swift; path = RepositoryTextCell.swift; sourceTree = "<group>"; };
		CBFA2868822A005F36EE3562 /* CredentialsError.swift */ = {isa = PBXFileReference; lastKnownFileType = sourcecode.swift; path = CredentialsError.swift; sourceTree = "<group>"; };
		CC919A6B866134BB342CDA36 /* RepositoryFieldDiffable.swift */ = {isa = PBXFileReference; lastKnownFileType = sourcecode.swift; path = RepositoryFieldDiffable.swift; sourceTree = "<group>"; };
		CF6CFB6D4F2C4EBC3E5DABCB /* AppCoordinator.swift */ = {isa = PBXFileReference; lastKnownFileType = sourcecode.swift; path = AppCoordinator.swift; sourceTree = "<group>"; };
		D9D3771BEFC975F793FD0B88 /* AuthenticationManager.swift */ = {isa = PBXFileReference; lastKnownFileType = sourcecode.swift; path = AuthenticationManager.swift; sourceTree = "<group>"; };
		DA169EF127A53C0B37D13E16 /* RepositoryTextListSectionController.swift */ = {isa = PBXFileReference; lastKnownFileType = sourcecode.swift; path = RepositoryTextListSectionController.swift; sourceTree = "<group>"; };
		E2535EFE24E1E4EBFA3A3E48 /* Pods-App.release.xcconfig */ = {isa = PBXFileReference; includeInIndex = 1; lastKnownFileType = text.xcconfig; name = "Pods-App.release.xcconfig"; path = "Target Support Files/Pods-App/Pods-App.release.xcconfig"; sourceTree = "<group>"; };
		E3349BC6202CC6FF88E65704 /* URLComponents+Init.swift */ = {isa = PBXFileReference; lastKnownFileType = sourcecode.swift; path = "URLComponents+Init.swift"; sourceTree = "<group>"; };
		EBC3AACD9F167DD7825E99B0 /* SearchSignInOrSignOutDiffable.swift */ = {isa = PBXFileReference; lastKnownFileType = sourcecode.swift; path = SearchSignInOrSignOutDiffable.swift; sourceTree = "<group>"; };
		F351425588DA3B303C39169B /* APIResponseMapperImpl.swift */ = {isa = PBXFileReference; lastKnownFileType = sourcecode.swift; path = APIResponseMapperImpl.swift; sourceTree = "<group>"; };
		F92DC935437FDAF23B8DE1B1 /* CredentialsManager.swift */ = {isa = PBXFileReference; lastKnownFileType = sourcecode.swift; path = CredentialsManager.swift; sourceTree = "<group>"; };
		FA6DED7EE0AA638C33B479B7 /* SignInPresenter.swift */ = {isa = PBXFileReference; lastKnownFileType = sourcecode.swift; path = SignInPresenter.swift; sourceTree = "<group>"; };
		FB8581F3ED6DB673F7DD8484 /* App.app */ = {isa = PBXFileReference; includeInIndex = 0; lastKnownFileType = wrapper.application; path = App.app; sourceTree = BUILT_PRODUCTS_DIR; };
		FE295B30E21F88B5CAE05FF7 /* SignInNode.swift */ = {isa = PBXFileReference; lastKnownFileType = sourcecode.swift; path = SignInNode.swift; sourceTree = "<group>"; };
		FE4BE193807C22016D96CE12 /* ASListSectionController.swift */ = {isa = PBXFileReference; lastKnownFileType = sourcecode.swift; path = ASListSectionController.swift; sourceTree = "<group>"; };
/* End PBXFileReference section */

/* Begin PBXFrameworksBuildPhase section */
		71F6294F679DA8069B781C7B /* Frameworks */ = {
			isa = PBXFrameworksBuildPhase;
			buildActionMask = 2147483647;
			files = (
				5FCE72D47D2A9A1E1A324878 /* SwiftDI in Frameworks */,
				DB5474DEF7B560DEA7212B4C /* Markdownosaur in Frameworks */,
				4AAA52BB983A770A3BCD75EA /* Pods_App.framework in Frameworks */,
			);
			runOnlyForDeploymentPostprocessing = 0;
		};
/* End PBXFrameworksBuildPhase section */

/* Begin PBXGroup section */
		0F3E415E9A05EB56BE8E6D3D /* Targets */ = {
			isa = PBXGroup;
			children = (
				B70E9D95748D9CC4943629B0 /* App */,
			);
			path = Targets;
			sourceTree = "<group>";
		};
		14ECB91B465C243049A4AC45 /* Extensions */ = {
			isa = PBXGroup;
			children = (
				E3349BC6202CC6FF88E65704 /* URLComponents+Init.swift */,
			);
			path = Extensions;
			sourceTree = "<group>";
		};
		1985921A44F1A14FAFC68C7D /* Cells */ = {
			isa = PBXGroup;
			children = (
				98D07FBF1DC304E1AAED31D4 /* RepositoryFieldCell.swift */,
				00C5948CA4817CBE143747AB /* RepositoryMarkdownCell.swift */,
				C8DEE967C2F352EFCF5DF115 /* RepositoryTextCell.swift */,
			);
			path = Cells;
			sourceTree = "<group>";
		};
		1BE3DDB93141F9A73D261064 /* API */ = {
			isa = PBXGroup;
			children = (
				16C2C456429250069E610B63 /* APIConfiguration.swift */,
				45CA47A5D9CAB9CDC3C556B3 /* APIConfigurationProvider.swift */,
				A62474C3451F0DE308801016 /* APIError.swift */,
				3167170CA7151F5423413841 /* APIManager.swift */,
				7308899834EDE794B40D3C5B /* APIRequest.swift */,
				7416B5D92C5172CDC304BE80 /* APIRequestBuilder.swift */,
				67ECF3E8B8D45CE1644924FA /* APIResponseMapper.swift */,
			);
			path = API;
			sourceTree = "<group>";
		};
		26B7631BD5F51C1E21BC3C24 /* ListSectionControllers */ = {
			isa = PBXGroup;
			children = (
				14D331F76054BB28A7CDBE03 /* SearchFoundRepositoryListSectionController.swift */,
				15D0D151A0D1CB37C563AB8F /* SearchRecentRepositoryListSectionController.swift */,
				0B84E0604A2F0EFE915C558E /* SearchSignInOrSignOutListSectionController.swift */,
			);
			path = ListSectionControllers;
			sourceTree = "<group>";
		};
		2C8786BF42844853CCCBFB93 /* Supporting Files */ = {
			isa = PBXGroup;
			children = (
				AFA92D1200F0352496CF9E54 /* Info.plist */,
				DDC9113F87445D34EF7F77B6 /* RepositoryApp.xcdatamodeld */,
			);
			path = "Supporting Files";
			sourceTree = "<group>";
		};
		2E2718E3665E1E4BD1E2BA61 /* Models */ = {
			isa = PBXGroup;
			children = (
				7831E767FF6DB603BE7E9E19 /* Credentials.swift */,
				CBFA2868822A005F36EE3562 /* CredentialsError.swift */,
				2FCDEB14797838E94AB84BD8 /* NSManagedRepository.swift */,
				C5CFD37324D940A0F8517ADD /* NSManagedUser.swift */,
				95739A4D2E861DB6CA82C899 /* Repository.swift */,
				9FC20EEA728B0A686B87B3E8 /* StorageError.swift */,
				A9CF072FA93927899C3D9453 /* User.swift */,
			);
			path = Models;
			sourceTree = "<group>";
		};
		43A568700B5BF6E0F8F3D4D8 /* Implementations */ = {
			isa = PBXGroup;
			children = (
				9191E7D66E92007CFBDAB2D3 /* AuthenticationManagerImpl.swift */,
				AF4DD3268381FC169FEB564F /* CredentialsManagerImpl.swift */,
				5B6920176F69D847C9CF54E1 /* HTTPClientImpl.swift */,
				A7100523A6606BACED13B830 /* RepositoryServiceImpl.swift */,
				0EED6907D25E35D92A65AEB1 /* SearchServiceImpl.swift */,
				2D09D47F15443B0AE884B18C /* StorageManagerImpl.swift */,
				B15857F41D81F1BFDD635DF2 /* API */,
			);
			path = Implementations;
			sourceTree = "<group>";
		};
		45AF96DC40EB6709A516D115 /* Products */ = {
			isa = PBXGroup;
			children = (
				FB8581F3ED6DB673F7DD8484 /* App.app */,
			);
			name = Products;
			sourceTree = "<group>";
		};
		46FDFE62F181DCE4C960D32A /* Repository */ = {
			isa = PBXGroup;
			children = (
				0D268829CA8DCE5562070CFC /* RepositoryDependency.swift */,
				0A393B9004687144E7958C4D /* RepositoryPresenter.swift */,
				8B685E0AB4FBE983E1847DE6 /* RepositoryViewController.swift */,
				1985921A44F1A14FAFC68C7D /* Cells */,
				84BAB3F61438FFCB646615B3 /* ListDiffables */,
				511092F7E1A303D3ED1BE15A /* ListSectionControllers */,
			);
			path = Repository;
			sourceTree = "<group>";
		};
		511092F7E1A303D3ED1BE15A /* ListSectionControllers */ = {
			isa = PBXGroup;
			children = (
				2752C0CEB3A7C01231536405 /* RepositoryFieldListSectionController.swift */,
				BE99BF19F33879A8D0CE15EC /* RepositoryMarkdownListSectionController.swift */,
				DA169EF127A53C0B37D13E16 /* RepositoryTextListSectionController.swift */,
			);
			path = ListSectionControllers;
			sourceTree = "<group>";
		};
		5DE76D9E3660D50A08E38CD7 /* Authentication */ = {
			isa = PBXGroup;
			children = (
				307C93B6AB214D3CFA78D845 /* AuthenticationCoordinator.swift */,
				287BC6232C41CE6026E08AC5 /* AuthenticationDependency.swift */,
			);
			path = Authentication;
			sourceTree = "<group>";
		};
		6163B77779AA1BF6D8BCA4A0 /* Pods */ = {
			isa = PBXGroup;
			children = (
				09351D0A17DBB44F80B73B35 /* Pods-App.debug.xcconfig */,
				E2535EFE24E1E4EBFA3A3E48 /* Pods-App.release.xcconfig */,
			);
			name = Pods;
			path = Pods;
			sourceTree = "<group>";
		};
		6689E54C7832CBDE2D12EA79 /* Sources */ = {
			isa = PBXGroup;
			children = (
				B72467E04CF6401799C3EC1F /* AppDelegate.swift */,
				5F39AD675B231AA0706A94A5 /* RootDependency.swift */,
				14ECB91B465C243049A4AC45 /* Extensions */,
				6DBA2A76F4305328C73CE016 /* Features */,
				B08A9406BF7CABF400A56CBF /* Flows */,
				43A568700B5BF6E0F8F3D4D8 /* Implementations */,
				C7ECF901C49E3332318BBA1C /* Types */,
				DB1B3DECBB65D90483700FEC /* Utilities */,
			);
			path = Sources;
			sourceTree = "<group>";
		};
		66F162CD671D5A0E57260542 /* Frameworks */ = {
			isa = PBXGroup;
			children = (
				663FD8C9833D62D118B8078F /* Pods_App.framework */,
			);
			name = Frameworks;
			sourceTree = "<group>";
		};
		6DBA2A76F4305328C73CE016 /* Features */ = {
			isa = PBXGroup;
			children = (
				46FDFE62F181DCE4C960D32A /* Repository */,
				7404E28B1500FB4B84C55F40 /* Search */,
				84B5C23EDC73BDB4A2F57C42 /* SignIn */,
			);
			path = Features;
			sourceTree = "<group>";
		};
		7404E28B1500FB4B84C55F40 /* Search */ = {
			isa = PBXGroup;
			children = (
				6356136BE32FF8FA269560F7 /* SearchDependency.swift */,
				BFD979E94AD39A58807925DF /* SearchPresenter.swift */,
				36528C8D83BCEE9371F8800C /* SearchViewController.swift */,
				EC612B67A67278E71D0283EE /* Cells */,
				E1282FA390B1C5749D0120C9 /* ListDiffables */,
				26B7631BD5F51C1E21BC3C24 /* ListSectionControllers */,
			);
			path = Search;
			sourceTree = "<group>";
		};
		84B5C23EDC73BDB4A2F57C42 /* SignIn */ = {
			isa = PBXGroup;
			children = (
				FE295B30E21F88B5CAE05FF7 /* SignInNode.swift */,
				FA6DED7EE0AA638C33B479B7 /* SignInPresenter.swift */,
				64CDEDDCF51B3063A2CB30EB /* SignInViewController.swift */,
				C7334677295320BDFBE411ED /* SingInDependency.swift */,
			);
			path = SignIn;
			sourceTree = "<group>";
		};
		84BAB3F61438FFCB646615B3 /* ListDiffables */ = {
			isa = PBXGroup;
			children = (
				CC919A6B866134BB342CDA36 /* RepositoryFieldDiffable.swift */,
				32D824E272E5D11BEA3A0F10 /* RepositoryMarkdownDiffable.swift */,
				470378CA5A335ABB695927C1 /* RepositoryTextDiffable.swift */,
			);
			path = ListDiffables;
			sourceTree = "<group>";
		};
		994DB5517AEF0FABE3235351 /* Main */ = {
			isa = PBXGroup;
			children = (
				C43994F4A950F54445BE0695 /* MainCoordinator.swift */,
				7491A21BB386AAE16162E007 /* MainDependency.swift */,
			);
			path = Main;
			sourceTree = "<group>";
		};
		B08A9406BF7CABF400A56CBF /* Flows */ = {
			isa = PBXGroup;
			children = (
				FBAAA53B8F269981E419259F /* App */,
				5DE76D9E3660D50A08E38CD7 /* Authentication */,
				994DB5517AEF0FABE3235351 /* Main */,
			);
			path = Flows;
			sourceTree = "<group>";
		};
		B15857F41D81F1BFDD635DF2 /* API */ = {
			isa = PBXGroup;
			children = (
				A16AAA91312B8B21401238A8 /* APIConfigurationProviderImpl.swift */,
				0616E29F0E7900B313F74EEB /* APIManagerImpl.swift */,
				363B30F442CFD5B08D9E38F7 /* APIRequestBuilderImpl.swift */,
				F351425588DA3B303C39169B /* APIResponseMapperImpl.swift */,
			);
			path = API;
			sourceTree = "<group>";
		};
		B70E9D95748D9CC4943629B0 /* App */ = {
			isa = PBXGroup;
			children = (
				6689E54C7832CBDE2D12EA79 /* Sources */,
				2C8786BF42844853CCCBFB93 /* Supporting Files */,
			);
			path = App;
			sourceTree = "<group>";
		};
		BC5F8F12CB43CFFEB009B74C = {
			isa = PBXGroup;
			children = (
				0F3E415E9A05EB56BE8E6D3D /* Targets */,
				45AF96DC40EB6709A516D115 /* Products */,
				6163B77779AA1BF6D8BCA4A0 /* Pods */,
				66F162CD671D5A0E57260542 /* Frameworks */,
			);
			sourceTree = "<group>";
		};
		C7ECF901C49E3332318BBA1C /* Types */ = {
			isa = PBXGroup;
			children = (
				D9D3771BEFC975F793FD0B88 /* AuthenticationManager.swift */,
				F92DC935437FDAF23B8DE1B1 /* CredentialsManager.swift */,
				32C362E1F932C008B0FC8BAD /* HTTPClient.swift */,
				3B23E888C9B853A38346119E /* RepositoryService.swift */,
				B15C60C5145966627B0E8BCE /* SearchResponse.swift */,
				8DE1BFFF3BB197C67841D888 /* SearchService.swift */,
				01722FE4B0585EFB17C97FFE /* Storable.swift */,
				B7CBF18177177CC0A38220AE /* StorageManager.swift */,
				1BE3DDB93141F9A73D261064 /* API */,
				2E2718E3665E1E4BD1E2BA61 /* Models */,
			);
			path = Types;
			sourceTree = "<group>";
		};
		DB1B3DECBB65D90483700FEC /* Utilities */ = {
			isa = PBXGroup;
			children = (
				FE4BE193807C22016D96CE12 /* ASListSectionController.swift */,
			);
			path = Utilities;
			sourceTree = "<group>";
		};
		E1282FA390B1C5749D0120C9 /* ListDiffables */ = {
			isa = PBXGroup;
			children = (
				18BA3E4AE137D30E464AD46B /* SearchFoundRepositoryDiffable.swift */,
				08BA748C34681AF4F0983BF7 /* SearchRecentRepositoryDiffable.swift */,
				EBC3AACD9F167DD7825E99B0 /* SearchSignInOrSignOutDiffable.swift */,
			);
			path = ListDiffables;
			sourceTree = "<group>";
		};
		EC612B67A67278E71D0283EE /* Cells */ = {
			isa = PBXGroup;
			children = (
				7A3DEFB236BA3978065D02B8 /* SearchFoundRepositoryCell.swift */,
				29620F3B31AEB742D30C4F16 /* SearchRecentRepositoryCell.swift */,
				A6590D3AD72167C5C27D792F /* SearchSignInOrSignOutCell.swift */,
			);
			path = Cells;
			sourceTree = "<group>";
		};
		FBAAA53B8F269981E419259F /* App */ = {
			isa = PBXGroup;
			children = (
				CF6CFB6D4F2C4EBC3E5DABCB /* AppCoordinator.swift */,
				9EA9F6ED4C0EEB966CD45314 /* AppDependency.swift */,
			);
			path = App;
			sourceTree = "<group>";
		};
/* End PBXGroup section */

/* Begin PBXNativeTarget section */
		4025D5AA35C0EA3700B590E8 /* App */ = {
			isa = PBXNativeTarget;
			buildConfigurationList = AEB4C1E633BC0FCAC1D981B7 /* Build configuration list for PBXNativeTarget "App" */;
			buildPhases = (
				C49E50B5685F2DB10A955756 /* [CP] Check Pods Manifest.lock */,
				422DC36D8C07A3B014FA1C9A /* Sources */,
				71F6294F679DA8069B781C7B /* Frameworks */,
				626B56A0B03E42AB1A11A69F /* [CP] Embed Pods Frameworks */,
			);
			buildRules = (
			);
			dependencies = (
			);
			name = App;
			packageProductDependencies = (
				2AD3DFDC1C0237A91F6AA312 /* SwiftDI */,
				289E368D79E154F56464AA35 /* Markdownosaur */,
			);
			productName = App;
			productReference = FB8581F3ED6DB673F7DD8484 /* App.app */;
			productType = "com.apple.product-type.application";
		};
/* End PBXNativeTarget section */

/* Begin PBXProject section */
		B4830E0C5B4EAAA21A8FD412 /* Project object */ = {
			isa = PBXProject;
			attributes = {
				LastUpgradeCheck = 1200;
				TargetAttributes = {
				};
			};
			buildConfigurationList = 6B305ADE14D38626792BFBFE /* Build configuration list for PBXProject "RepositoryApp" */;
			compatibilityVersion = "Xcode 10.0";
			developmentRegion = en;
			hasScannedForEncodings = 0;
			knownRegions = (
				Base,
				en,
			);
			mainGroup = BC5F8F12CB43CFFEB009B74C;
			packageReferences = (
				04E7CACE6B1838040D76E113 /* XCRemoteSwiftPackageReference "Markdownosaur" */,
				2FBBABC54A67190279422AC2 /* XCRemoteSwiftPackageReference "SwiftDI" */,
			);
			productRefGroup = 45AF96DC40EB6709A516D115 /* Products */;
			projectDirPath = "";
			projectRoot = "";
			targets = (
				4025D5AA35C0EA3700B590E8 /* App */,
			);
		};
/* End PBXProject section */

/* Begin PBXShellScriptBuildPhase section */
		626B56A0B03E42AB1A11A69F /* [CP] Embed Pods Frameworks */ = {
			isa = PBXShellScriptBuildPhase;
			buildActionMask = 2147483647;
			files = (
			);
			inputFileListPaths = (
				"${PODS_ROOT}/Target Support Files/Pods-App/Pods-App-frameworks-${CONFIGURATION}-input-files.xcfilelist",
			);
			name = "[CP] Embed Pods Frameworks";
			outputFileListPaths = (
				"${PODS_ROOT}/Target Support Files/Pods-App/Pods-App-frameworks-${CONFIGURATION}-output-files.xcfilelist",
			);
			runOnlyForDeploymentPostprocessing = 0;
			shellPath = /bin/sh;
			shellScript = "\"${PODS_ROOT}/Target Support Files/Pods-App/Pods-App-frameworks.sh\"\n";
			showEnvVarsInLog = 0;
		};
		C49E50B5685F2DB10A955756 /* [CP] Check Pods Manifest.lock */ = {
			isa = PBXShellScriptBuildPhase;
			buildActionMask = 2147483647;
			files = (
			);
			inputFileListPaths = (
			);
			inputPaths = (
				"${PODS_PODFILE_DIR_PATH}/Podfile.lock",
				"${PODS_ROOT}/Manifest.lock",
			);
			name = "[CP] Check Pods Manifest.lock";
			outputFileListPaths = (
			);
			outputPaths = (
				"$(DERIVED_FILE_DIR)/Pods-App-checkManifestLockResult.txt",
			);
			runOnlyForDeploymentPostprocessing = 0;
			shellPath = /bin/sh;
			shellScript = "diff \"${PODS_PODFILE_DIR_PATH}/Podfile.lock\" \"${PODS_ROOT}/Manifest.lock\" > /dev/null\nif [ $? != 0 ] ; then\n    # print error to STDERR\n    echo \"error: The sandbox is not in sync with the Podfile.lock. Run 'pod install' or update your CocoaPods installation.\" >&2\n    exit 1\nfi\n# This output is used by Xcode 'outputs' to avoid re-running this script phase.\necho \"SUCCESS\" > \"${SCRIPT_OUTPUT_FILE_0}\"\n";
			showEnvVarsInLog = 0;
		};
/* End PBXShellScriptBuildPhase section */

/* Begin PBXSourcesBuildPhase section */
		422DC36D8C07A3B014FA1C9A /* Sources */ = {
			isa = PBXSourcesBuildPhase;
			buildActionMask = 2147483647;
			files = (
				238BC99D9E93127F0D569723 /* APIConfiguration.swift in Sources */,
				5A4B64165CE9005CF1AF9605 /* APIConfigurationProvider.swift in Sources */,
				FC31A97B9F6D9BD375842B80 /* APIConfigurationProviderImpl.swift in Sources */,
				E7BAAECA9AAB65A80329F54B /* APIError.swift in Sources */,
				ED03B134CF2752E395A5DE11 /* APIManager.swift in Sources */,
				F9446CE8A7ED82449E041B41 /* APIManagerImpl.swift in Sources */,
				A84F952C2FB412B9988D9CCE /* APIRequest.swift in Sources */,
				32E7A676AF0C49E35191997E /* APIRequestBuilder.swift in Sources */,
				89BCC1B16D2CBCEB6F746C06 /* APIRequestBuilderImpl.swift in Sources */,
				856338CD898C78454ADE368E /* APIResponseMapper.swift in Sources */,
				597E3C0D62F5834F93B6426F /* APIResponseMapperImpl.swift in Sources */,
				30AB8FD8C76687B253C99342 /* ASListSectionController.swift in Sources */,
				E643CACDCA50C600F59B2C23 /* AppCoordinator.swift in Sources */,
				A2D535B77EF3269F853E855F /* AppDelegate.swift in Sources */,
				1A80650A6D097DEFE54ABF38 /* AppDependency.swift in Sources */,
				9096DDD47CC9042104C1B56B /* AuthenticationCoordinator.swift in Sources */,
				7924B51CAB839CEE4FDCE911 /* AuthenticationDependency.swift in Sources */,
				F18F3720D89E32F010747F58 /* AuthenticationManager.swift in Sources */,
				1AE8C51BD38F22BBED86E648 /* AuthenticationManagerImpl.swift in Sources */,
				E0C86B55C35489EB513CC932 /* Credentials.swift in Sources */,
				BF857479AEF0300E0482080F /* CredentialsError.swift in Sources */,
				2137C8589FA6BD472A7FE7C0 /* CredentialsManager.swift in Sources */,
				F5C194A5C8E14547B1FE24A2 /* CredentialsManagerImpl.swift in Sources */,
				FE80EE98598722C7F5FE6EDC /* HTTPClient.swift in Sources */,
				DE74D4E374C789C3E9D6C28F /* HTTPClientImpl.swift in Sources */,
				DFAD5A219BB9DFF1A5A59E34 /* MainCoordinator.swift in Sources */,
				DF5C9D4313D65B238C282D19 /* MainDependency.swift in Sources */,
				15C6AEB75F737ECDEFB7E377 /* NSManagedRepository.swift in Sources */,
				9D931A34FBE6452D1B3A4598 /* NSManagedUser.swift in Sources */,
				EAB64C66CCA7C11B3A97DF3E /* Repository.swift in Sources */,
				103B90A22D30241F7998F761 /* RepositoryApp.xcdatamodeld in Sources */,
				66FE1B0C9F0AC124F1995691 /* RepositoryDependency.swift in Sources */,
				44F959339AAA6F68FF033080 /* RepositoryFieldCell.swift in Sources */,
				440769BED4F69E5B43D2EB89 /* RepositoryFieldDiffable.swift in Sources */,
				FF16134D82DDF6B2EBCB26DE /* RepositoryFieldListSectionController.swift in Sources */,
				D8D6EC88D279396634858F5D /* RepositoryMarkdownCell.swift in Sources */,
				CDA3E0474F900DD1BCDF05C5 /* RepositoryMarkdownDiffable.swift in Sources */,
				E2B6274D92BE0D4621EB0CE3 /* RepositoryMarkdownListSectionController.swift in Sources */,
				64D5CF3998BAE9CB68CA3C6B /* RepositoryPresenter.swift in Sources */,
				C592933444A447A0207B0B6B /* RepositoryService.swift in Sources */,
				7C079DFB89297EE642D61354 /* RepositoryServiceImpl.swift in Sources */,
				C94725BF2B232B0FE1E42B96 /* RepositoryTextCell.swift in Sources */,
				2332AD630BAB96D82859DAC9 /* RepositoryTextDiffable.swift in Sources */,
				2363E15703E7D4BB22DDC01F /* RepositoryTextListSectionController.swift in Sources */,
				801A7C427D8A03C272343705 /* RepositoryViewController.swift in Sources */,
				CAF7E71E257D95E31EFBB5B4 /* RootDependency.swift in Sources */,
				E605224F2D56D266CF92C2BE /* SearchDependency.swift in Sources */,
				97A52E90ABCBD30102257051 /* SearchFoundRepositoryCell.swift in Sources */,
				3265D5A5D9832F4E784EA192 /* SearchFoundRepositoryDiffable.swift in Sources */,
				2009A064E6D1914BE210692D /* SearchFoundRepositoryListSectionController.swift in Sources */,
				AD740FEE937AEF86CAC5E4CD /* SearchPresenter.swift in Sources */,
				E1866F1B657E6F88AC5DD66A /* SearchRecentRepositoryCell.swift in Sources */,
				42AD6F5FBF2E00A27CDDB49B /* SearchRecentRepositoryDiffable.swift in Sources */,
				14D52FD9E57DE53E42394726 /* SearchRecentRepositoryListSectionController.swift in Sources */,
				4B5E23F9BEE3474DA654C708 /* SearchResponse.swift in Sources */,
				874BE13185AB62E3690ED310 /* SearchService.swift in Sources */,
				59BAAFA9614607580A44C6E7 /* SearchServiceImpl.swift in Sources */,
				CDC275C89F79196386A0BA11 /* SearchSignInOrSignOutCell.swift in Sources */,
				981D42291C486643821A1C0B /* SearchSignInOrSignOutDiffable.swift in Sources */,
				5E618081030584F5088F3012 /* SearchSignInOrSignOutListSectionController.swift in Sources */,
				03F9DF9A190E9311F4D18FE1 /* SearchViewController.swift in Sources */,
				09450C2394446983201726A5 /* SignInNode.swift in Sources */,
				F6E9B71EBAE24A4FF756445B /* SignInPresenter.swift in Sources */,
				7A4E521F4AA19F6E2F7DB89C /* SignInViewController.swift in Sources */,
				AD0DB05EF0BAF28E046EFC44 /* SingInDependency.swift in Sources */,
				1D49CBA575ADDFA94F72DA0C /* Storable.swift in Sources */,
				6DE2EC4271C41688BF712073 /* StorageError.swift in Sources */,
				9892522A16EAB09BFFB22028 /* StorageManager.swift in Sources */,
				CE5E9133E36C698907696735 /* StorageManagerImpl.swift in Sources */,
				DD57535BB20711456D6311AD /* URLComponents+Init.swift in Sources */,
				A3E1BC8DF8D7A4F3C3F75D39 /* User.swift in Sources */,
			);
			runOnlyForDeploymentPostprocessing = 0;
		};
/* End PBXSourcesBuildPhase section */

/* Begin XCBuildConfiguration section */
		31B7A51AAA899C7E8C7BC8EC /* Release */ = {
			isa = XCBuildConfiguration;
			buildSettings = {
				ALWAYS_SEARCH_USER_PATHS = NO;
				CLANG_ANALYZER_NONNULL = YES;
				CLANG_ANALYZER_NUMBER_OBJECT_CONVERSION = YES_AGGRESSIVE;
				CLANG_CXX_LANGUAGE_STANDARD = "gnu++14";
				CLANG_CXX_LIBRARY = "libc++";
				CLANG_ENABLE_MODULES = YES;
				CLANG_ENABLE_OBJC_ARC = YES;
				CLANG_ENABLE_OBJC_WEAK = YES;
				CLANG_WARN_BLOCK_CAPTURE_AUTORELEASING = YES;
				CLANG_WARN_BOOL_CONVERSION = YES;
				CLANG_WARN_COMMA = YES;
				CLANG_WARN_CONSTANT_CONVERSION = YES;
				CLANG_WARN_DEPRECATED_OBJC_IMPLEMENTATIONS = YES;
				CLANG_WARN_DIRECT_OBJC_ISA_USAGE = YES_ERROR;
				CLANG_WARN_DOCUMENTATION_COMMENTS = YES;
				CLANG_WARN_EMPTY_BODY = YES;
				CLANG_WARN_ENUM_CONVERSION = YES;
				CLANG_WARN_INFINITE_RECURSION = YES;
				CLANG_WARN_INT_CONVERSION = YES;
				CLANG_WARN_NON_LITERAL_NULL_CONVERSION = YES;
				CLANG_WARN_OBJC_IMPLICIT_RETAIN_SELF = YES;
				CLANG_WARN_OBJC_LITERAL_CONVERSION = YES;
				CLANG_WARN_OBJC_ROOT_CLASS = YES_ERROR;
				CLANG_WARN_QUOTED_INCLUDE_IN_FRAMEWORK_HEADER = YES;
				CLANG_WARN_RANGE_LOOP_ANALYSIS = YES;
				CLANG_WARN_STRICT_PROTOTYPES = YES;
				CLANG_WARN_SUSPICIOUS_MOVE = YES;
				CLANG_WARN_UNGUARDED_AVAILABILITY = YES_AGGRESSIVE;
				CLANG_WARN_UNREACHABLE_CODE = YES;
				CLANG_WARN__DUPLICATE_METHOD_MATCH = YES;
				COPY_PHASE_STRIP = NO;
				DEBUG_INFORMATION_FORMAT = "dwarf-with-dsym";
				ENABLE_NS_ASSERTIONS = NO;
				ENABLE_STRICT_OBJC_MSGSEND = YES;
				GCC_C_LANGUAGE_STANDARD = gnu11;
				GCC_NO_COMMON_BLOCKS = YES;
				GCC_WARN_64_TO_32_BIT_CONVERSION = YES;
				GCC_WARN_ABOUT_RETURN_TYPE = YES_ERROR;
				GCC_WARN_UNDECLARED_SELECTOR = YES;
				GCC_WARN_UNINITIALIZED_AUTOS = YES_AGGRESSIVE;
				GCC_WARN_UNUSED_FUNCTION = YES;
				GCC_WARN_UNUSED_VARIABLE = YES;
				MTL_ENABLE_DEBUG_INFO = NO;
				MTL_FAST_MATH = YES;
				PRODUCT_NAME = "$(TARGET_NAME)";
				SDKROOT = iphoneos;
				SWIFT_COMPILATION_MODE = wholemodule;
				SWIFT_OPTIMIZATION_LEVEL = "-O";
				SWIFT_VERSION = 5.0;
			};
			name = Release;
		};
		4F53A9D30274B78B748924BF /* Release */ = {
			isa = XCBuildConfiguration;
			baseConfigurationReference = E2535EFE24E1E4EBFA3A3E48 /* Pods-App.release.xcconfig */;
			buildSettings = {
				ASSETCATALOG_COMPILER_APPICON_NAME = AppIcon;
				CODE_SIGN_IDENTITY = "iPhone Developer";
				CURRENT_PROJECT_VERSION = 1;
				INFOPLIST_FILE = "Targets/App/Supporting Files/Info.plist";
				IPHONEOS_DEPLOYMENT_TARGET = 13.0;
				LD_RUNPATH_SEARCH_PATHS = (
					"$(inherited)",
					"@executable_path/Frameworks",
				);
				MARKETING_VERSION = 1.0;
				PRODUCT_BUNDLE_IDENTIFIER = io.github.difomiry.RepositoryApp.App;
				SDKROOT = iphoneos;
				TARGETED_DEVICE_FAMILY = "1,2";
			};
			name = Release;
		};
		5FC541B97029E9947054284E /* Debug */ = {
			isa = XCBuildConfiguration;
			baseConfigurationReference = 09351D0A17DBB44F80B73B35 /* Pods-App.debug.xcconfig */;
			buildSettings = {
				ASSETCATALOG_COMPILER_APPICON_NAME = AppIcon;
				CODE_SIGN_IDENTITY = "iPhone Developer";
				CURRENT_PROJECT_VERSION = 1;
				INFOPLIST_FILE = "Targets/App/Supporting Files/Info.plist";
				IPHONEOS_DEPLOYMENT_TARGET = 13.0;
				LD_RUNPATH_SEARCH_PATHS = (
					"$(inherited)",
					"@executable_path/Frameworks",
				);
				MARKETING_VERSION = 1.0;
				PRODUCT_BUNDLE_IDENTIFIER = io.github.difomiry.RepositoryApp.App;
				SDKROOT = iphoneos;
				TARGETED_DEVICE_FAMILY = "1,2";
			};
			name = Debug;
		};
		E3A45663B2D79A11D3830609 /* Debug */ = {
			isa = XCBuildConfiguration;
			buildSettings = {
				ALWAYS_SEARCH_USER_PATHS = NO;
				CLANG_ANALYZER_NONNULL = YES;
				CLANG_ANALYZER_NUMBER_OBJECT_CONVERSION = YES_AGGRESSIVE;
				CLANG_CXX_LANGUAGE_STANDARD = "gnu++14";
				CLANG_CXX_LIBRARY = "libc++";
				CLANG_ENABLE_MODULES = YES;
				CLANG_ENABLE_OBJC_ARC = YES;
				CLANG_ENABLE_OBJC_WEAK = YES;
				CLANG_WARN_BLOCK_CAPTURE_AUTORELEASING = YES;
				CLANG_WARN_BOOL_CONVERSION = YES;
				CLANG_WARN_COMMA = YES;
				CLANG_WARN_CONSTANT_CONVERSION = YES;
				CLANG_WARN_DEPRECATED_OBJC_IMPLEMENTATIONS = YES;
				CLANG_WARN_DIRECT_OBJC_ISA_USAGE = YES_ERROR;
				CLANG_WARN_DOCUMENTATION_COMMENTS = YES;
				CLANG_WARN_EMPTY_BODY = YES;
				CLANG_WARN_ENUM_CONVERSION = YES;
				CLANG_WARN_INFINITE_RECURSION = YES;
				CLANG_WARN_INT_CONVERSION = YES;
				CLANG_WARN_NON_LITERAL_NULL_CONVERSION = YES;
				CLANG_WARN_OBJC_IMPLICIT_RETAIN_SELF = YES;
				CLANG_WARN_OBJC_LITERAL_CONVERSION = YES;
				CLANG_WARN_OBJC_ROOT_CLASS = YES_ERROR;
				CLANG_WARN_QUOTED_INCLUDE_IN_FRAMEWORK_HEADER = YES;
				CLANG_WARN_RANGE_LOOP_ANALYSIS = YES;
				CLANG_WARN_STRICT_PROTOTYPES = YES;
				CLANG_WARN_SUSPICIOUS_MOVE = YES;
				CLANG_WARN_UNGUARDED_AVAILABILITY = YES_AGGRESSIVE;
				CLANG_WARN_UNREACHABLE_CODE = YES;
				CLANG_WARN__DUPLICATE_METHOD_MATCH = YES;
				COPY_PHASE_STRIP = NO;
				DEBUG_INFORMATION_FORMAT = dwarf;
				ENABLE_STRICT_OBJC_MSGSEND = YES;
				ENABLE_TESTABILITY = YES;
				GCC_C_LANGUAGE_STANDARD = gnu11;
				GCC_DYNAMIC_NO_PIC = NO;
				GCC_NO_COMMON_BLOCKS = YES;
				GCC_OPTIMIZATION_LEVEL = 0;
				GCC_PREPROCESSOR_DEFINITIONS = (
					"$(inherited)",
					"DEBUG=1",
				);
				GCC_WARN_64_TO_32_BIT_CONVERSION = YES;
				GCC_WARN_ABOUT_RETURN_TYPE = YES_ERROR;
				GCC_WARN_UNDECLARED_SELECTOR = YES;
				GCC_WARN_UNINITIALIZED_AUTOS = YES_AGGRESSIVE;
				GCC_WARN_UNUSED_FUNCTION = YES;
				GCC_WARN_UNUSED_VARIABLE = YES;
				MTL_ENABLE_DEBUG_INFO = INCLUDE_SOURCE;
				MTL_FAST_MATH = YES;
				ONLY_ACTIVE_ARCH = YES;
				PRODUCT_NAME = "$(TARGET_NAME)";
				SDKROOT = iphoneos;
				SWIFT_ACTIVE_COMPILATION_CONDITIONS = DEBUG;
				SWIFT_OPTIMIZATION_LEVEL = "-Onone";
				SWIFT_VERSION = 5.0;
			};
			name = Debug;
		};
/* End XCBuildConfiguration section */

/* Begin XCConfigurationList section */
		6B305ADE14D38626792BFBFE /* Build configuration list for PBXProject "RepositoryApp" */ = {
			isa = XCConfigurationList;
			buildConfigurations = (
				E3A45663B2D79A11D3830609 /* Debug */,
				31B7A51AAA899C7E8C7BC8EC /* Release */,
			);
			defaultConfigurationIsVisible = 0;
			defaultConfigurationName = Debug;
		};
		AEB4C1E633BC0FCAC1D981B7 /* Build configuration list for PBXNativeTarget "App" */ = {
			isa = XCConfigurationList;
			buildConfigurations = (
				5FC541B97029E9947054284E /* Debug */,
				4F53A9D30274B78B748924BF /* Release */,
			);
			defaultConfigurationIsVisible = 0;
			defaultConfigurationName = Debug;
		};
/* End XCConfigurationList section */

/* Begin XCRemoteSwiftPackageReference section */
		04E7CACE6B1838040D76E113 /* XCRemoteSwiftPackageReference "Markdownosaur" */ = {
			isa = XCRemoteSwiftPackageReference;
			repositoryURL = "https://github.com/difomiry/Markdownosaur";
			requirement = {
				branch = ios13;
				kind = branch;
			};
		};
		2FBBABC54A67190279422AC2 /* XCRemoteSwiftPackageReference "SwiftDI" */ = {
			isa = XCRemoteSwiftPackageReference;
			repositoryURL = "https://github.com/difomiry/SwiftDI";
			requirement = {
				branch = main;
				kind = branch;
			};
		};
/* End XCRemoteSwiftPackageReference section */

/* Begin XCSwiftPackageProductDependency section */
		289E368D79E154F56464AA35 /* Markdownosaur */ = {
			isa = XCSwiftPackageProductDependency;
			package = 04E7CACE6B1838040D76E113 /* XCRemoteSwiftPackageReference "Markdownosaur" */;
			productName = Markdownosaur;
		};
		2AD3DFDC1C0237A91F6AA312 /* SwiftDI */ = {
			isa = XCSwiftPackageProductDependency;
			package = 2FBBABC54A67190279422AC2 /* XCRemoteSwiftPackageReference "SwiftDI" */;
			productName = SwiftDI;
		};
/* End XCSwiftPackageProductDependency section */

/* Begin XCVersionGroup section */
		DDC9113F87445D34EF7F77B6 /* RepositoryApp.xcdatamodeld */ = {
			isa = XCVersionGroup;
			children = (
				19893F27C606AEC611718D94 /* RepositoryApp.xcdatamodel */,
			);
			currentVersion = 19893F27C606AEC611718D94 /* RepositoryApp.xcdatamodel */;
			path = RepositoryApp.xcdatamodeld;
			sourceTree = "<group>";
			versionGroupType = wrapper.xcdatamodel;
		};
/* End XCVersionGroup section */
	};
	rootObject = B4830E0C5B4EAAA21A8FD412 /* Project object */;
}
